
Microsoft Visual Studio Solution File, Format Version 12.00
# Visual Studio Version 18
VisualStudioVersion = 18.1.11304.174 d18.0
MinimumVisualStudioVersion = 10.0.40219.1
Project("{2150E333-8FDC-42A3-9474-1A3956D46DE8}") = "Bootstrapper", "Bootstrapper", "{19DB474D-7434-41C5-B06A-7C1AA4933C63}"
EndProject
Project("{2150E333-8FDC-42A3-9474-1A3956D46DE8}") = "Modules", "Modules", "{9934E522-898D-4F70-B486-F25F50B766BB}"
EndProject
Project("{2150E333-8FDC-42A3-9474-1A3956D46DE8}") = "Shared", "Shared", "{BE58987F-1FC2-4209-A1D4-CAD7AE5B1EF2}"
EndProject
Project("{FAE04EC0-301F-11D3-BF4B-00C04F79EFBC}") = "Api", "Bootstrapper\Api\Api.csproj", "{83BA67DA-2A7C-4B13-AA32-9FC475803BC5}"
EndProject
Global
	GlobalSection(SolutionConfigurationPlatforms) = preSolution
		Debug|Any CPU = Debug|Any CPU
		Release|Any CPU = Release|Any CPU
	EndGlobalSection
	GlobalSection(ProjectConfigurationPlatforms) = postSolution
		{83BA67DA-2A7C-4B13-AA32-9FC475803BC5}.Debug|Any CPU.ActiveCfg = Debug|Any CPU
		{83BA67DA-2A7C-4B13-AA32-9FC475803BC5}.Debug|Any CPU.Build.0 = Debug|Any CPU
		{83BA67DA-2A7C-4B13-AA32-9FC475803BC5}.Release|Any CPU.ActiveCfg = Release|Any CPU
		{83BA67DA-2A7C-4B13-AA32-9FC475803BC5}.Release|Any CPU.Build.0 = Release|Any CPU
	EndGlobalSection
	GlobalSection(SolutionProperties) = preSolution
		HideSolutionNode = FALSE
	EndGlobalSection
	GlobalSection(NestedProjects) = preSolution
		{83BA67DA-2A7C-4B13-AA32-9FC475803BC5} = {19DB474D-7434-41C5-B06A-7C1AA4933C63}
	EndGlobalSection
EndGlobal
